// !$*UTF8*$!
{
	archiveVersion = 1;
	classes = {
	};
	objectVersion = 50;
	objects = {

/* Begin PBXBuildFile section */
		11134BFCE8F0E9C043D2A7A8 /* Pods_Shield_For_Dementia_PatientUITests.framework in Frameworks */ = {isa = PBXBuildFile; fileRef = 779EC9A115290C7D1F838653 /* Pods_Shield_For_Dementia_PatientUITests.framework */; };
		185893D622536F36006A5C17 /* GoogleService-Info.plist in Resources */ = {isa = PBXBuildFile; fileRef = 185893D522536F36006A5C17 /* GoogleService-Info.plist */; };
		18B26E512259BEE0005F024F /* SignUpViewController.swift in Sources */ = {isa = PBXBuildFile; fileRef = 18B26E462259BEDE005F024F /* SignUpViewController.swift */; };
		18B26E532259BEE0005F024F /* WelcomeViewController.swift in Sources */ = {isa = PBXBuildFile; fileRef = 18B26E482259BEDF005F024F /* WelcomeViewController.swift */; };
		18B26E542259BEE0005F024F /* LoginViewController.swift in Sources */ = {isa = PBXBuildFile; fileRef = 18B26E492259BEDF005F024F /* LoginViewController.swift */; };
		18B26E572259BEE0005F024F /* LoginNavigationController.swift in Sources */ = {isa = PBXBuildFile; fileRef = 18B26E4C2259BEE0005F024F /* LoginNavigationController.swift */; };
		18B26E5A2259BEFE005F024F /* ReminderTableViewCell.swift in Sources */ = {isa = PBXBuildFile; fileRef = 18B26E582259BEFE005F024F /* ReminderTableViewCell.swift */; };
		18B26E5B2259BEFE005F024F /* MemoryTableViewCell.swift in Sources */ = {isa = PBXBuildFile; fileRef = 18B26E592259BEFE005F024F /* MemoryTableViewCell.swift */; };
		18B26E5D2259CD6A005F024F /* JBKenBurnsView.swift in Sources */ = {isa = PBXBuildFile; fileRef = 18B26E5C2259CD69005F024F /* JBKenBurnsView.swift */; };
		18B26E5F2259CDBF005F024F /* ViewController.swift in Sources */ = {isa = PBXBuildFile; fileRef = 18B26E5E2259CDBF005F024F /* ViewController.swift */; };
		18C7CB3222744BAF00C2BCDE /* FencedAnnotation.swift in Sources */ = {isa = PBXBuildFile; fileRef = 18C7CB3122744BAF00C2BCDE /* FencedAnnotation.swift */; };
		6A7625FB1D6BB8EE6C5D5B04 /* Pods_Shield_For_Dementia_PatientTests.framework in Frameworks */ = {isa = PBXBuildFile; fileRef = 5EBD18B4FDE1AE67F8904EEA /* Pods_Shield_For_Dementia_PatientTests.framework */; };
		AB167407226757BC00E397CA /* SignUpTableViewController.swift in Sources */ = {isa = PBXBuildFile; fileRef = AB167406226757BC00E397CA /* SignUpTableViewController.swift */; };
		AB668CE8225A702D0082BEF3 /* RemindersViewController.swift in Sources */ = {isa = PBXBuildFile; fileRef = AB668CE7225A702D0082BEF3 /* RemindersViewController.swift */; };
		AB668CEA225A70A70082BEF3 /* reminderTableView.swift in Sources */ = {isa = PBXBuildFile; fileRef = AB668CE9225A70A70082BEF3 /* reminderTableView.swift */; };
		AB668CF6225A8E850082BEF3 /* CBToast.swift in Sources */ = {isa = PBXBuildFile; fileRef = AB668CF5225A8E850082BEF3 /* CBToast.swift */; };
		ABAF897222709F7A00561E3A /* PairedViewController.swift in Sources */ = {isa = PBXBuildFile; fileRef = ABAF897122709F7A00561E3A /* PairedViewController.swift */; };
		ABAF89742270A05A00561E3A /* SettingViewController.swift in Sources */ = {isa = PBXBuildFile; fileRef = ABAF89732270A05A00561E3A /* SettingViewController.swift */; };
		ABB721B7225632FA000EF648 /* SHA1.swift in Sources */ = {isa = PBXBuildFile; fileRef = ABB721B6225632FA000EF648 /* SHA1.swift */; };
		BD237174227185A300CC38D4 /* PairingTableViewController.swift in Sources */ = {isa = PBXBuildFile; fileRef = BD237173227185A300CC38D4 /* PairingTableViewController.swift */; };
		BD237176227185BC00CC38D4 /* RequestTableViewCell.swift in Sources */ = {isa = PBXBuildFile; fileRef = BD237175227185BC00CC38D4 /* RequestTableViewCell.swift */; };
		BD237178227189AC00CC38D4 /* Request.swift in Sources */ = {isa = PBXBuildFile; fileRef = BD237177227189AC00CC38D4 /* Request.swift */; };
		BD96EABE2252D90C0042F236 /* AppDelegate.swift in Sources */ = {isa = PBXBuildFile; fileRef = BD96EABD2252D90C0042F236 /* AppDelegate.swift */; };
		BD96EAC32252D90C0042F236 /* Main.storyboard in Resources */ = {isa = PBXBuildFile; fileRef = BD96EAC12252D90C0042F236 /* Main.storyboard */; };
		BD96EAC82252D90D0042F236 /* Assets.xcassets in Resources */ = {isa = PBXBuildFile; fileRef = BD96EAC72252D90D0042F236 /* Assets.xcassets */; };
		BD96EACB2252D90D0042F236 /* LaunchScreen.storyboard in Resources */ = {isa = PBXBuildFile; fileRef = BD96EAC92252D90D0042F236 /* LaunchScreen.storyboard */; };
		BD96EAD62252D90D0042F236 /* Shield_For_DementiaTests.swift in Sources */ = {isa = PBXBuildFile; fileRef = BD96EAD52252D90D0042F236 /* Shield_For_DementiaTests.swift */; };
		BD96EAE12252D90D0042F236 /* Shield_For_DementiaUITests.swift in Sources */ = {isa = PBXBuildFile; fileRef = BD96EAE02252D90D0042F236 /* Shield_For_DementiaUITests.swift */; };
		BD96EB402254E07A0042F236 /* ValidationUtils.swift in Sources */ = {isa = PBXBuildFile; fileRef = BD96EB3F2254E07A0042F236 /* ValidationUtils.swift */; };
		BDBCAD032281872200E8172A /* CurrentReminderViewController.swift in Sources */ = {isa = PBXBuildFile; fileRef = BDBCAD022281872200E8172A /* CurrentReminderViewController.swift */; };
		BDCB265922769CDD00737DA7 /* Shield_For_Dementia.xcdatamodeld in Sources */ = {isa = PBXBuildFile; fileRef = BDCB265722769CDD00737DA7 /* Shield_For_Dementia.xcdatamodeld */; };
		DC7FA20AE9F071F1A5A43395 /* Pods_Shield_For_Dementia_Patient.framework in Frameworks */ = {isa = PBXBuildFile; fileRef = 4039E7054C7361586760BFC3 /* Pods_Shield_For_Dementia_Patient.framework */; };
/* End PBXBuildFile section */

/* Begin PBXContainerItemProxy section */
		BD96EAD22252D90D0042F236 /* PBXContainerItemProxy */ = {
			isa = PBXContainerItemProxy;
			containerPortal = BD96EAB22252D90B0042F236 /* Project object */;
			proxyType = 1;
			remoteGlobalIDString = BD96EAB92252D90B0042F236;
			remoteInfo = "Shield For Dementia";
		};
		BD96EADD2252D90D0042F236 /* PBXContainerItemProxy */ = {
			isa = PBXContainerItemProxy;
			containerPortal = BD96EAB22252D90B0042F236 /* Project object */;
			proxyType = 1;
			remoteGlobalIDString = BD96EAB92252D90B0042F236;
			remoteInfo = "Shield For Dementia";
		};
/* End PBXContainerItemProxy section */

/* Begin PBXFileReference section */
		185893D522536F36006A5C17 /* GoogleService-Info.plist */ = {isa = PBXFileReference; fileEncoding = 4; lastKnownFileType = text.plist.xml; path = "GoogleService-Info.plist"; sourceTree = "<group>"; };
		18B26E462259BEDE005F024F /* SignUpViewController.swift */ = {isa = PBXFileReference; fileEncoding = 4; lastKnownFileType = sourcecode.swift; path = SignUpViewController.swift; sourceTree = "<group>"; };
		18B26E482259BEDF005F024F /* WelcomeViewController.swift */ = {isa = PBXFileReference; fileEncoding = 4; lastKnownFileType = sourcecode.swift; path = WelcomeViewController.swift; sourceTree = "<group>"; };
		18B26E492259BEDF005F024F /* LoginViewController.swift */ = {isa = PBXFileReference; fileEncoding = 4; lastKnownFileType = sourcecode.swift; path = LoginViewController.swift; sourceTree = "<group>"; };
		18B26E4C2259BEE0005F024F /* LoginNavigationController.swift */ = {isa = PBXFileReference; fileEncoding = 4; lastKnownFileType = sourcecode.swift; path = LoginNavigationController.swift; sourceTree = "<group>"; };
		18B26E582259BEFE005F024F /* ReminderTableViewCell.swift */ = {isa = PBXFileReference; fileEncoding = 4; lastKnownFileType = sourcecode.swift; path = ReminderTableViewCell.swift; sourceTree = "<group>"; };
		18B26E592259BEFE005F024F /* MemoryTableViewCell.swift */ = {isa = PBXFileReference; fileEncoding = 4; lastKnownFileType = sourcecode.swift; path = MemoryTableViewCell.swift; sourceTree = "<group>"; };
		18B26E5C2259CD69005F024F /* JBKenBurnsView.swift */ = {isa = PBXFileReference; fileEncoding = 4; lastKnownFileType = sourcecode.swift; path = JBKenBurnsView.swift; sourceTree = "<group>"; };
		18B26E5E2259CDBF005F024F /* ViewController.swift */ = {isa = PBXFileReference; fileEncoding = 4; lastKnownFileType = sourcecode.swift; path = ViewController.swift; sourceTree = "<group>"; };
		18C7CB3122744BAF00C2BCDE /* FencedAnnotation.swift */ = {isa = PBXFileReference; lastKnownFileType = sourcecode.swift; path = FencedAnnotation.swift; sourceTree = "<group>"; };
		4039E7054C7361586760BFC3 /* Pods_Shield_For_Dementia_Patient.framework */ = {isa = PBXFileReference; explicitFileType = wrapper.framework; includeInIndex = 0; path = Pods_Shield_For_Dementia_Patient.framework; sourceTree = BUILT_PRODUCTS_DIR; };
		42C4EBF907ED2BF25F709DB8 /* Pods-Shield For Dementia PatientUITests.release.xcconfig */ = {isa = PBXFileReference; includeInIndex = 1; lastKnownFileType = text.xcconfig; name = "Pods-Shield For Dementia PatientUITests.release.xcconfig"; path = "Pods/Target Support Files/Pods-Shield For Dementia PatientUITests/Pods-Shield For Dementia PatientUITests.release.xcconfig"; sourceTree = "<group>"; };
		553B9366588E60B332F457D3 /* Pods-Shield For Dementia Patient.release.xcconfig */ = {isa = PBXFileReference; includeInIndex = 1; lastKnownFileType = text.xcconfig; name = "Pods-Shield For Dementia Patient.release.xcconfig"; path = "Pods/Target Support Files/Pods-Shield For Dementia Patient/Pods-Shield For Dementia Patient.release.xcconfig"; sourceTree = "<group>"; };
		5EBD18B4FDE1AE67F8904EEA /* Pods_Shield_For_Dementia_PatientTests.framework */ = {isa = PBXFileReference; explicitFileType = wrapper.framework; includeInIndex = 0; path = Pods_Shield_For_Dementia_PatientTests.framework; sourceTree = BUILT_PRODUCTS_DIR; };
		740099FAC5842F0141C934BB /* Pods-Shield For Dementia Patient.debug.xcconfig */ = {isa = PBXFileReference; includeInIndex = 1; lastKnownFileType = text.xcconfig; name = "Pods-Shield For Dementia Patient.debug.xcconfig"; path = "Pods/Target Support Files/Pods-Shield For Dementia Patient/Pods-Shield For Dementia Patient.debug.xcconfig"; sourceTree = "<group>"; };
		779EC9A115290C7D1F838653 /* Pods_Shield_For_Dementia_PatientUITests.framework */ = {isa = PBXFileReference; explicitFileType = wrapper.framework; includeInIndex = 0; path = Pods_Shield_For_Dementia_PatientUITests.framework; sourceTree = BUILT_PRODUCTS_DIR; };
		9C641FAD13FD49F7B9353DAD /* Pods-Shield For Dementia PatientTests.release.xcconfig */ = {isa = PBXFileReference; includeInIndex = 1; lastKnownFileType = text.xcconfig; name = "Pods-Shield For Dementia PatientTests.release.xcconfig"; path = "Pods/Target Support Files/Pods-Shield For Dementia PatientTests/Pods-Shield For Dementia PatientTests.release.xcconfig"; sourceTree = "<group>"; };
		AB167406226757BC00E397CA /* SignUpTableViewController.swift */ = {isa = PBXFileReference; lastKnownFileType = sourcecode.swift; path = SignUpTableViewController.swift; sourceTree = "<group>"; };
		AB668CE7225A702D0082BEF3 /* RemindersViewController.swift */ = {isa = PBXFileReference; lastKnownFileType = sourcecode.swift; path = RemindersViewController.swift; sourceTree = "<group>"; };
		AB668CE9225A70A70082BEF3 /* reminderTableView.swift */ = {isa = PBXFileReference; lastKnownFileType = sourcecode.swift; path = reminderTableView.swift; sourceTree = "<group>"; };
		AB668CF5225A8E850082BEF3 /* CBToast.swift */ = {isa = PBXFileReference; lastKnownFileType = sourcecode.swift; path = CBToast.swift; sourceTree = "<group>"; };
		ABAF897122709F7A00561E3A /* PairedViewController.swift */ = {isa = PBXFileReference; lastKnownFileType = sourcecode.swift; path = PairedViewController.swift; sourceTree = "<group>"; };
		ABAF89732270A05A00561E3A /* SettingViewController.swift */ = {isa = PBXFileReference; lastKnownFileType = sourcecode.swift; path = SettingViewController.swift; sourceTree = "<group>"; };
		ABB721B6225632FA000EF648 /* SHA1.swift */ = {isa = PBXFileReference; lastKnownFileType = sourcecode.swift; path = SHA1.swift; sourceTree = "<group>"; };
		B3528C33A317B4538FB19DF1 /* Pods-Shield For Dementia PatientTests.debug.xcconfig */ = {isa = PBXFileReference; includeInIndex = 1; lastKnownFileType = text.xcconfig; name = "Pods-Shield For Dementia PatientTests.debug.xcconfig"; path = "Pods/Target Support Files/Pods-Shield For Dementia PatientTests/Pods-Shield For Dementia PatientTests.debug.xcconfig"; sourceTree = "<group>"; };
		BD237173227185A300CC38D4 /* PairingTableViewController.swift */ = {isa = PBXFileReference; lastKnownFileType = sourcecode.swift; path = PairingTableViewController.swift; sourceTree = "<group>"; };
		BD237175227185BC00CC38D4 /* RequestTableViewCell.swift */ = {isa = PBXFileReference; lastKnownFileType = sourcecode.swift; path = RequestTableViewCell.swift; sourceTree = "<group>"; };
		BD237177227189AC00CC38D4 /* Request.swift */ = {isa = PBXFileReference; lastKnownFileType = sourcecode.swift; path = Request.swift; sourceTree = "<group>"; };
		BD96EABA2252D90B0042F236 /* Shield For Dementia Patient.app */ = {isa = PBXFileReference; explicitFileType = wrapper.application; includeInIndex = 0; path = "Shield For Dementia Patient.app"; sourceTree = BUILT_PRODUCTS_DIR; };
		BD96EABD2252D90C0042F236 /* AppDelegate.swift */ = {isa = PBXFileReference; lastKnownFileType = sourcecode.swift; path = AppDelegate.swift; sourceTree = "<group>"; wrapsLines = 0; };
		BD96EAC22252D90C0042F236 /* Base */ = {isa = PBXFileReference; lastKnownFileType = file.storyboard; name = Base; path = Base.lproj/Main.storyboard; sourceTree = "<group>"; };
		BD96EAC72252D90D0042F236 /* Assets.xcassets */ = {isa = PBXFileReference; lastKnownFileType = folder.assetcatalog; path = Assets.xcassets; sourceTree = "<group>"; };
		BD96EACA2252D90D0042F236 /* Base */ = {isa = PBXFileReference; lastKnownFileType = file.storyboard; name = Base; path = Base.lproj/LaunchScreen.storyboard; sourceTree = "<group>"; };
		BD96EACC2252D90D0042F236 /* Info.plist */ = {isa = PBXFileReference; lastKnownFileType = text.plist.xml; path = Info.plist; sourceTree = "<group>"; };
		BD96EAD12252D90D0042F236 /* Shield For Dementia PatientTests.xctest */ = {isa = PBXFileReference; explicitFileType = wrapper.cfbundle; includeInIndex = 0; path = "Shield For Dementia PatientTests.xctest"; sourceTree = BUILT_PRODUCTS_DIR; };
		BD96EAD52252D90D0042F236 /* Shield_For_DementiaTests.swift */ = {isa = PBXFileReference; lastKnownFileType = sourcecode.swift; path = Shield_For_DementiaTests.swift; sourceTree = "<group>"; };
		BD96EAD72252D90D0042F236 /* Info.plist */ = {isa = PBXFileReference; lastKnownFileType = text.plist.xml; path = Info.plist; sourceTree = "<group>"; };
		BD96EADC2252D90D0042F236 /* Shield For Dementia PatientUITests.xctest */ = {isa = PBXFileReference; explicitFileType = wrapper.cfbundle; includeInIndex = 0; path = "Shield For Dementia PatientUITests.xctest"; sourceTree = BUILT_PRODUCTS_DIR; };
		BD96EAE02252D90D0042F236 /* Shield_For_DementiaUITests.swift */ = {isa = PBXFileReference; lastKnownFileType = sourcecode.swift; path = Shield_For_DementiaUITests.swift; sourceTree = "<group>"; };
		BD96EAE22252D90D0042F236 /* Info.plist */ = {isa = PBXFileReference; lastKnownFileType = text.plist.xml; path = Info.plist; sourceTree = "<group>"; };
		BD96EB3F2254E07A0042F236 /* ValidationUtils.swift */ = {isa = PBXFileReference; lastKnownFileType = sourcecode.swift; path = ValidationUtils.swift; sourceTree = "<group>"; };
		BD96EB412254E48D0042F236 /* zh-Hans */ = {isa = PBXFileReference; lastKnownFileType = text.plist.strings; name = "zh-Hans"; path = "zh-Hans.lproj/Main.strings"; sourceTree = "<group>"; };
		BD96EB422254E48D0042F236 /* zh-Hans */ = {isa = PBXFileReference; lastKnownFileType = text.plist.strings; name = "zh-Hans"; path = "zh-Hans.lproj/LaunchScreen.strings"; sourceTree = "<group>"; };
		BDBCAD022281872200E8172A /* CurrentReminderViewController.swift */ = {isa = PBXFileReference; lastKnownFileType = sourcecode.swift; path = CurrentReminderViewController.swift; sourceTree = "<group>"; };
		BDBCAD052281A85700E8172A /* Shield For Dementia Patient.entitlements */ = {isa = PBXFileReference; lastKnownFileType = text.plist.entitlements; path = "Shield For Dementia Patient.entitlements"; sourceTree = "<group>"; };
		BDCB265822769CDD00737DA7 /* Shield_For_Dementia.xcdatamodel */ = {isa = PBXFileReference; lastKnownFileType = wrapper.xcdatamodel; path = Shield_For_Dementia.xcdatamodel; sourceTree = "<group>"; };
		FD6157F56DFFC59EA73791E0 /* Pods-Shield For Dementia PatientUITests.debug.xcconfig */ = {isa = PBXFileReference; includeInIndex = 1; lastKnownFileType = text.xcconfig; name = "Pods-Shield For Dementia PatientUITests.debug.xcconfig"; path = "Pods/Target Support Files/Pods-Shield For Dementia PatientUITests/Pods-Shield For Dementia PatientUITests.debug.xcconfig"; sourceTree = "<group>"; };
/* End PBXFileReference section */

/* Begin PBXFrameworksBuildPhase section */
		BD96EAB72252D90B0042F236 /* Frameworks */ = {
			isa = PBXFrameworksBuildPhase;
			buildActionMask = 2147483647;
			files = (
				DC7FA20AE9F071F1A5A43395 /* Pods_Shield_For_Dementia_Patient.framework in Frameworks */,
			);
			runOnlyForDeploymentPostprocessing = 0;
		};
		BD96EACE2252D90D0042F236 /* Frameworks */ = {
			isa = PBXFrameworksBuildPhase;
			buildActionMask = 2147483647;
			files = (
				6A7625FB1D6BB8EE6C5D5B04 /* Pods_Shield_For_Dementia_PatientTests.framework in Frameworks */,
			);
			runOnlyForDeploymentPostprocessing = 0;
		};
		BD96EAD92252D90D0042F236 /* Frameworks */ = {
			isa = PBXFrameworksBuildPhase;
			buildActionMask = 2147483647;
			files = (
				11134BFCE8F0E9C043D2A7A8 /* Pods_Shield_For_Dementia_PatientUITests.framework in Frameworks */,
			);
			runOnlyForDeploymentPostprocessing = 0;
		};
/* End PBXFrameworksBuildPhase section */

/* Begin PBXGroup section */
		1CCC8DBA4ED5F19342DBCCCA /* Pods */ = {
			isa = PBXGroup;
			children = (
				740099FAC5842F0141C934BB /* Pods-Shield For Dementia Patient.debug.xcconfig */,
				553B9366588E60B332F457D3 /* Pods-Shield For Dementia Patient.release.xcconfig */,
				B3528C33A317B4538FB19DF1 /* Pods-Shield For Dementia PatientTests.debug.xcconfig */,
				9C641FAD13FD49F7B9353DAD /* Pods-Shield For Dementia PatientTests.release.xcconfig */,
				FD6157F56DFFC59EA73791E0 /* Pods-Shield For Dementia PatientUITests.debug.xcconfig */,
				42C4EBF907ED2BF25F709DB8 /* Pods-Shield For Dementia PatientUITests.release.xcconfig */,
			);
			name = Pods;
			sourceTree = "<group>";
		};
		6C50DA312953F65533462133 /* Frameworks */ = {
			isa = PBXGroup;
			children = (
				4039E7054C7361586760BFC3 /* Pods_Shield_For_Dementia_Patient.framework */,
				5EBD18B4FDE1AE67F8904EEA /* Pods_Shield_For_Dementia_PatientTests.framework */,
				779EC9A115290C7D1F838653 /* Pods_Shield_For_Dementia_PatientUITests.framework */,
			);
			name = Frameworks;
			sourceTree = "<group>";
		};
		AB668CEF225A73EB0082BEF3 /* Entities */ = {
			isa = PBXGroup;
			children = (
				BD237177227189AC00CC38D4 /* Request.swift */,
				18C7CB3122744BAF00C2BCDE /* FencedAnnotation.swift */,
			);
			path = Entities;
			sourceTree = "<group>";
		};
		AB668CF2225A745C0082BEF3 /* Libraries */ = {
			isa = PBXGroup;
			children = (
				AB668CF5225A8E850082BEF3 /* CBToast.swift */,
			);
			path = Libraries;
			sourceTree = "<group>";
		};
		ABC91E3222575E0A00964626 /* ReusableCell */ = {
			isa = PBXGroup;
			children = (
				18B26E592259BEFE005F024F /* MemoryTableViewCell.swift */,
				18B26E582259BEFE005F024F /* ReminderTableViewCell.swift */,
				BD237175227185BC00CC38D4 /* RequestTableViewCell.swift */,
			);
			path = ReusableCell;
			sourceTree = "<group>";
		};
		BD96EAB12252D90B0042F236 = {
			isa = PBXGroup;
			children = (
				BDBCAD052281A85700E8172A /* Shield For Dementia Patient.entitlements */,
				BD96EABC2252D90B0042F236 /* Shield For Dementia */,
				BD96EAD42252D90D0042F236 /* Shield For DementiaTests */,
				BD96EADF2252D90D0042F236 /* Shield For DementiaUITests */,
				BD96EABB2252D90B0042F236 /* Products */,
				1CCC8DBA4ED5F19342DBCCCA /* Pods */,
				6C50DA312953F65533462133 /* Frameworks */,
			);
			sourceTree = "<group>";
		};
		BD96EABB2252D90B0042F236 /* Products */ = {
			isa = PBXGroup;
			children = (
				BD96EABA2252D90B0042F236 /* Shield For Dementia Patient.app */,
				BD96EAD12252D90D0042F236 /* Shield For Dementia PatientTests.xctest */,
				BD96EADC2252D90D0042F236 /* Shield For Dementia PatientUITests.xctest */,
			);
			name = Products;
			sourceTree = "<group>";
		};
		BD96EABC2252D90B0042F236 /* Shield For Dementia */ = {
			isa = PBXGroup;
			children = (
				AB668CF2225A745C0082BEF3 /* Libraries */,
				AB668CEF225A73EB0082BEF3 /* Entities */,
				ABC91E3222575E0A00964626 /* ReusableCell */,
				BD96EB3E2254E0480042F236 /* Utils */,
				BD96EB2D22548D9D0042F236 /* ViewController */,
				BD96EABD2252D90C0042F236 /* AppDelegate.swift */,
				BD96EAC12252D90C0042F236 /* Main.storyboard */,
				185893D522536F36006A5C17 /* GoogleService-Info.plist */,
				BD96EAC72252D90D0042F236 /* Assets.xcassets */,
				BD96EAC92252D90D0042F236 /* LaunchScreen.storyboard */,
				BD96EACC2252D90D0042F236 /* Info.plist */,
				BDCB265722769CDD00737DA7 /* Shield_For_Dementia.xcdatamodeld */,
			);
			path = "Shield For Dementia";
			sourceTree = "<group>";
		};
		BD96EAD42252D90D0042F236 /* Shield For DementiaTests */ = {
			isa = PBXGroup;
			children = (
				BD96EAD52252D90D0042F236 /* Shield_For_DementiaTests.swift */,
				BD96EAD72252D90D0042F236 /* Info.plist */,
			);
			path = "Shield For DementiaTests";
			sourceTree = "<group>";
		};
		BD96EADF2252D90D0042F236 /* Shield For DementiaUITests */ = {
			isa = PBXGroup;
			children = (
				BD96EAE02252D90D0042F236 /* Shield_For_DementiaUITests.swift */,
				BD96EAE22252D90D0042F236 /* Info.plist */,
			);
			path = "Shield For DementiaUITests";
			sourceTree = "<group>";
		};
		BD96EB2D22548D9D0042F236 /* ViewController */ = {
			isa = PBXGroup;
			children = (
				18B26E4C2259BEE0005F024F /* LoginNavigationController.swift */,
				18B26E492259BEDF005F024F /* LoginViewController.swift */,
				18B26E462259BEDE005F024F /* SignUpViewController.swift */,
				18B26E482259BEDF005F024F /* WelcomeViewController.swift */,
				AB668CE7225A702D0082BEF3 /* RemindersViewController.swift */,
				AB668CE9225A70A70082BEF3 /* reminderTableView.swift */,
				AB167406226757BC00E397CA /* SignUpTableViewController.swift */,
				ABAF897122709F7A00561E3A /* PairedViewController.swift */,
				ABAF89732270A05A00561E3A /* SettingViewController.swift */,
				BD237173227185A300CC38D4 /* PairingTableViewController.swift */,
				BDBCAD022281872200E8172A /* CurrentReminderViewController.swift */,
			);
			path = ViewController;
			sourceTree = "<group>";
		};
		BD96EB3E2254E0480042F236 /* Utils */ = {
			isa = PBXGroup;
			children = (
				18B26E5C2259CD69005F024F /* JBKenBurnsView.swift */,
				BD96EB3F2254E07A0042F236 /* ValidationUtils.swift */,
				18B26E5E2259CDBF005F024F /* ViewController.swift */,
				ABB721B6225632FA000EF648 /* SHA1.swift */,
			);
			path = Utils;
			sourceTree = "<group>";
		};
/* End PBXGroup section */

/* Begin PBXNativeTarget section */
		BD96EAB92252D90B0042F236 /* Shield For Dementia Patient */ = {
			isa = PBXNativeTarget;
			buildConfigurationList = BD96EAE52252D90D0042F236 /* Build configuration list for PBXNativeTarget "Shield For Dementia Patient" */;
			buildPhases = (
				999F2253CAD945087D8727B6 /* [CP] Check Pods Manifest.lock */,
				BD96EAB62252D90B0042F236 /* Sources */,
				BD96EAB72252D90B0042F236 /* Frameworks */,
				BD96EAB82252D90B0042F236 /* Resources */,
				A15266756525F480E3984BCF /* [CP] Embed Pods Frameworks */,
			);
			buildRules = (
			);
			dependencies = (
			);
			name = "Shield For Dementia Patient";
			productName = "Shield For Dementia";
			productReference = BD96EABA2252D90B0042F236 /* Shield For Dementia Patient.app */;
			productType = "com.apple.product-type.application";
		};
		BD96EAD02252D90D0042F236 /* Shield For Dementia PatientTests */ = {
			isa = PBXNativeTarget;
			buildConfigurationList = BD96EAE82252D90D0042F236 /* Build configuration list for PBXNativeTarget "Shield For Dementia PatientTests" */;
			buildPhases = (
				68765C73A1532504D34BD0B1 /* [CP] Check Pods Manifest.lock */,
				BD96EACD2252D90D0042F236 /* Sources */,
				BD96EACE2252D90D0042F236 /* Frameworks */,
				BD96EACF2252D90D0042F236 /* Resources */,
			);
			buildRules = (
			);
			dependencies = (
				BD96EAD32252D90D0042F236 /* PBXTargetDependency */,
			);
			name = "Shield For Dementia PatientTests";
			productName = "Shield For DementiaTests";
			productReference = BD96EAD12252D90D0042F236 /* Shield For Dementia PatientTests.xctest */;
			productType = "com.apple.product-type.bundle.unit-test";
		};
		BD96EADB2252D90D0042F236 /* Shield For Dementia PatientUITests */ = {
			isa = PBXNativeTarget;
			buildConfigurationList = BD96EAEB2252D90D0042F236 /* Build configuration list for PBXNativeTarget "Shield For Dementia PatientUITests" */;
			buildPhases = (
				6E97EC803BD0AFBDA3057EB8 /* [CP] Check Pods Manifest.lock */,
				BD96EAD82252D90D0042F236 /* Sources */,
				BD96EAD92252D90D0042F236 /* Frameworks */,
				BD96EADA2252D90D0042F236 /* Resources */,
			);
			buildRules = (
			);
			dependencies = (
				BD96EADE2252D90D0042F236 /* PBXTargetDependency */,
			);
			name = "Shield For Dementia PatientUITests";
			productName = "Shield For DementiaUITests";
			productReference = BD96EADC2252D90D0042F236 /* Shield For Dementia PatientUITests.xctest */;
			productType = "com.apple.product-type.bundle.ui-testing";
		};
/* End PBXNativeTarget section */

/* Begin PBXProject section */
		BD96EAB22252D90B0042F236 /* Project object */ = {
			isa = PBXProject;
			attributes = {
				LastSwiftUpdateCheck = 1010;
				LastUpgradeCheck = 1010;
				ORGANIZATIONNAME = "彭孝诚";
				TargetAttributes = {
					BD96EAB92252D90B0042F236 = {
						CreatedOnToolsVersion = 10.1;
						SystemCapabilities = {
							com.apple.Push = {
								enabled = 0;
							};
						};
					};
					BD96EAD02252D90D0042F236 = {
						CreatedOnToolsVersion = 10.1;
						TestTargetID = BD96EAB92252D90B0042F236;
					};
					BD96EADB2252D90D0042F236 = {
						CreatedOnToolsVersion = 10.1;
						TestTargetID = BD96EAB92252D90B0042F236;
					};
				};
			};
			buildConfigurationList = BD96EAB52252D90B0042F236 /* Build configuration list for PBXProject "Shield For Dementia Patient" */;
			compatibilityVersion = "Xcode 9.3";
			developmentRegion = en;
			hasScannedForEncodings = 0;
			knownRegions = (
				en,
				Base,
				"zh-Hans",
			);
			mainGroup = BD96EAB12252D90B0042F236;
			productRefGroup = BD96EABB2252D90B0042F236 /* Products */;
			projectDirPath = "";
			projectRoot = "";
			targets = (
				BD96EAB92252D90B0042F236 /* Shield For Dementia Patient */,
				BD96EAD02252D90D0042F236 /* Shield For Dementia PatientTests */,
				BD96EADB2252D90D0042F236 /* Shield For Dementia PatientUITests */,
			);
		};
/* End PBXProject section */

/* Begin PBXResourcesBuildPhase section */
		BD96EAB82252D90B0042F236 /* Resources */ = {
			isa = PBXResourcesBuildPhase;
			buildActionMask = 2147483647;
			files = (
				BD96EACB2252D90D0042F236 /* LaunchScreen.storyboard in Resources */,
				185893D622536F36006A5C17 /* GoogleService-Info.plist in Resources */,
				BD96EAC82252D90D0042F236 /* Assets.xcassets in Resources */,
				BD96EAC32252D90C0042F236 /* Main.storyboard in Resources */,
			);
			runOnlyForDeploymentPostprocessing = 0;
		};
		BD96EACF2252D90D0042F236 /* Resources */ = {
			isa = PBXResourcesBuildPhase;
			buildActionMask = 2147483647;
			files = (
			);
			runOnlyForDeploymentPostprocessing = 0;
		};
		BD96EADA2252D90D0042F236 /* Resources */ = {
			isa = PBXResourcesBuildPhase;
			buildActionMask = 2147483647;
			files = (
			);
			runOnlyForDeploymentPostprocessing = 0;
		};
/* End PBXResourcesBuildPhase section */

/* Begin PBXShellScriptBuildPhase section */
		68765C73A1532504D34BD0B1 /* [CP] Check Pods Manifest.lock */ = {
			isa = PBXShellScriptBuildPhase;
			buildActionMask = 2147483647;
			files = (
			);
			inputFileListPaths = (
			);
			inputPaths = (
				"${PODS_PODFILE_DIR_PATH}/Podfile.lock",
				"${PODS_ROOT}/Manifest.lock",
			);
			name = "[CP] Check Pods Manifest.lock";
			outputFileListPaths = (
			);
			outputPaths = (
				"$(DERIVED_FILE_DIR)/Pods-Shield For Dementia PatientTests-checkManifestLockResult.txt",
			);
			runOnlyForDeploymentPostprocessing = 0;
			shellPath = /bin/sh;
			shellScript = "diff \"${PODS_PODFILE_DIR_PATH}/Podfile.lock\" \"${PODS_ROOT}/Manifest.lock\" > /dev/null\nif [ $? != 0 ] ; then\n    # print error to STDERR\n    echo \"error: The sandbox is not in sync with the Podfile.lock. Run 'pod install' or update your CocoaPods installation.\" >&2\n    exit 1\nfi\n# This output is used by Xcode 'outputs' to avoid re-running this script phase.\necho \"SUCCESS\" > \"${SCRIPT_OUTPUT_FILE_0}\"\n";
			showEnvVarsInLog = 0;
		};
		6E97EC803BD0AFBDA3057EB8 /* [CP] Check Pods Manifest.lock */ = {
			isa = PBXShellScriptBuildPhase;
			buildActionMask = 2147483647;
			files = (
			);
			inputFileListPaths = (
			);
			inputPaths = (
				"${PODS_PODFILE_DIR_PATH}/Podfile.lock",
				"${PODS_ROOT}/Manifest.lock",
			);
			name = "[CP] Check Pods Manifest.lock";
			outputFileListPaths = (
			);
			outputPaths = (
				"$(DERIVED_FILE_DIR)/Pods-Shield For Dementia PatientUITests-checkManifestLockResult.txt",
			);
			runOnlyForDeploymentPostprocessing = 0;
			shellPath = /bin/sh;
			shellScript = "diff \"${PODS_PODFILE_DIR_PATH}/Podfile.lock\" \"${PODS_ROOT}/Manifest.lock\" > /dev/null\nif [ $? != 0 ] ; then\n    # print error to STDERR\n    echo \"error: The sandbox is not in sync with the Podfile.lock. Run 'pod install' or update your CocoaPods installation.\" >&2\n    exit 1\nfi\n# This output is used by Xcode 'outputs' to avoid re-running this script phase.\necho \"SUCCESS\" > \"${SCRIPT_OUTPUT_FILE_0}\"\n";
			showEnvVarsInLog = 0;
		};
		999F2253CAD945087D8727B6 /* [CP] Check Pods Manifest.lock */ = {
			isa = PBXShellScriptBuildPhase;
			buildActionMask = 2147483647;
			files = (
			);
			inputFileListPaths = (
			);
			inputPaths = (
				"${PODS_PODFILE_DIR_PATH}/Podfile.lock",
				"${PODS_ROOT}/Manifest.lock",
			);
			name = "[CP] Check Pods Manifest.lock";
			outputFileListPaths = (
			);
			outputPaths = (
				"$(DERIVED_FILE_DIR)/Pods-Shield For Dementia Patient-checkManifestLockResult.txt",
			);
			runOnlyForDeploymentPostprocessing = 0;
			shellPath = /bin/sh;
			shellScript = "diff \"${PODS_PODFILE_DIR_PATH}/Podfile.lock\" \"${PODS_ROOT}/Manifest.lock\" > /dev/null\nif [ $? != 0 ] ; then\n    # print error to STDERR\n    echo \"error: The sandbox is not in sync with the Podfile.lock. Run 'pod install' or update your CocoaPods installation.\" >&2\n    exit 1\nfi\n# This output is used by Xcode 'outputs' to avoid re-running this script phase.\necho \"SUCCESS\" > \"${SCRIPT_OUTPUT_FILE_0}\"\n";
			showEnvVarsInLog = 0;
		};
		A15266756525F480E3984BCF /* [CP] Embed Pods Frameworks */ = {
			isa = PBXShellScriptBuildPhase;
			buildActionMask = 2147483647;
			files = (
			);
			inputFileListPaths = (
			);
			inputPaths = (
				"${SRCROOT}/Pods/Target Support Files/Pods-Shield For Dementia Patient/Pods-Shield For Dementia Patient-frameworks.sh",
				"${BUILT_PRODUCTS_DIR}/GTMSessionFetcher/GTMSessionFetcher.framework",
				"${BUILT_PRODUCTS_DIR}/GoogleUtilities/GoogleUtilities.framework",
				"${BUILT_PRODUCTS_DIR}/leveldb-library/leveldb.framework",
				"${BUILT_PRODUCTS_DIR}/nanopb/nanopb.framework",
			);
			name = "[CP] Embed Pods Frameworks";
			outputFileListPaths = (
			);
			outputPaths = (
				"${TARGET_BUILD_DIR}/${FRAMEWORKS_FOLDER_PATH}/GTMSessionFetcher.framework",
				"${TARGET_BUILD_DIR}/${FRAMEWORKS_FOLDER_PATH}/GoogleUtilities.framework",
				"${TARGET_BUILD_DIR}/${FRAMEWORKS_FOLDER_PATH}/leveldb.framework",
				"${TARGET_BUILD_DIR}/${FRAMEWORKS_FOLDER_PATH}/nanopb.framework",
			);
			runOnlyForDeploymentPostprocessing = 0;
			shellPath = /bin/sh;
			shellScript = "\"${SRCROOT}/Pods/Target Support Files/Pods-Shield For Dementia Patient/Pods-Shield For Dementia Patient-frameworks.sh\"\n";
			showEnvVarsInLog = 0;
		};
/* End PBXShellScriptBuildPhase section */

/* Begin PBXSourcesBuildPhase section */
		BD96EAB62252D90B0042F236 /* Sources */ = {
			isa = PBXSourcesBuildPhase;
			buildActionMask = 2147483647;
			files = (
				AB668CEA225A70A70082BEF3 /* reminderTableView.swift in Sources */,
				BDCB265922769CDD00737DA7 /* Shield_For_Dementia.xcdatamodeld in Sources */,
				BD96EB402254E07A0042F236 /* ValidationUtils.swift in Sources */,
				ABB721B7225632FA000EF648 /* SHA1.swift in Sources */,
				ABAF897222709F7A00561E3A /* PairedViewController.swift in Sources */,
				18B26E512259BEE0005F024F /* SignUpViewController.swift in Sources */,
				18B26E572259BEE0005F024F /* LoginNavigationController.swift in Sources */,
				BDBCAD032281872200E8172A /* CurrentReminderViewController.swift in Sources */,
				18B26E5B2259BEFE005F024F /* MemoryTableViewCell.swift in Sources */,
				BD96EABE2252D90C0042F236 /* AppDelegate.swift in Sources */,
				BD237176227185BC00CC38D4 /* RequestTableViewCell.swift in Sources */,
				18C7CB3222744BAF00C2BCDE /* FencedAnnotation.swift in Sources */,
				18B26E5D2259CD6A005F024F /* JBKenBurnsView.swift in Sources */,
				AB668CF6225A8E850082BEF3 /* CBToast.swift in Sources */,
				18B26E532259BEE0005F024F /* WelcomeViewController.swift in Sources */,
				AB668CE8225A702D0082BEF3 /* RemindersViewController.swift in Sources */,
				BD237174227185A300CC38D4 /* PairingTableViewController.swift in Sources */,
				18B26E5F2259CDBF005F024F /* ViewController.swift in Sources */,
				BD237178227189AC00CC38D4 /* Request.swift in Sources */,
				18B26E542259BEE0005F024F /* LoginViewController.swift in Sources */,
				AB167407226757BC00E397CA /* SignUpTableViewController.swift in Sources */,
				ABAF89742270A05A00561E3A /* SettingViewController.swift in Sources */,
				18B26E5A2259BEFE005F024F /* ReminderTableViewCell.swift in Sources */,
			);
			runOnlyForDeploymentPostprocessing = 0;
		};
		BD96EACD2252D90D0042F236 /* Sources */ = {
			isa = PBXSourcesBuildPhase;
			buildActionMask = 2147483647;
			files = (
				BD96EAD62252D90D0042F236 /* Shield_For_DementiaTests.swift in Sources */,
			);
			runOnlyForDeploymentPostprocessing = 0;
		};
		BD96EAD82252D90D0042F236 /* Sources */ = {
			isa = PBXSourcesBuildPhase;
			buildActionMask = 2147483647;
			files = (
				BD96EAE12252D90D0042F236 /* Shield_For_DementiaUITests.swift in Sources */,
			);
			runOnlyForDeploymentPostprocessing = 0;
		};
/* End PBXSourcesBuildPhase section */

/* Begin PBXTargetDependency section */
		BD96EAD32252D90D0042F236 /* PBXTargetDependency */ = {
			isa = PBXTargetDependency;
			target = BD96EAB92252D90B0042F236 /* Shield For Dementia Patient */;
			targetProxy = BD96EAD22252D90D0042F236 /* PBXContainerItemProxy */;
		};
		BD96EADE2252D90D0042F236 /* PBXTargetDependency */ = {
			isa = PBXTargetDependency;
			target = BD96EAB92252D90B0042F236 /* Shield For Dementia Patient */;
			targetProxy = BD96EADD2252D90D0042F236 /* PBXContainerItemProxy */;
		};
/* End PBXTargetDependency section */

/* Begin PBXVariantGroup section */
		BD96EAC12252D90C0042F236 /* Main.storyboard */ = {
			isa = PBXVariantGroup;
			children = (
				BD96EAC22252D90C0042F236 /* Base */,
				BD96EB412254E48D0042F236 /* zh-Hans */,
			);
			name = Main.storyboard;
			sourceTree = "<group>";
		};
		BD96EAC92252D90D0042F236 /* LaunchScreen.storyboard */ = {
			isa = PBXVariantGroup;
			children = (
				BD96EACA2252D90D0042F236 /* Base */,
				BD96EB422254E48D0042F236 /* zh-Hans */,
			);
			name = LaunchScreen.storyboard;
			sourceTree = "<group>";
		};
/* End PBXVariantGroup section */

/* Begin XCBuildConfiguration section */
		BD96EAE32252D90D0042F236 /* Debug */ = {
			isa = XCBuildConfiguration;
			buildSettings = {
				ALWAYS_SEARCH_USER_PATHS = NO;
				CLANG_ANALYZER_LOCALIZABILITY_NONLOCALIZED = YES;
				CLANG_ANALYZER_NONNULL = YES;
				CLANG_ANALYZER_NUMBER_OBJECT_CONVERSION = YES_AGGRESSIVE;
				CLANG_CXX_LANGUAGE_STANDARD = "gnu++14";
				CLANG_CXX_LIBRARY = "libc++";
				CLANG_ENABLE_MODULES = YES;
				CLANG_ENABLE_OBJC_ARC = YES;
				CLANG_ENABLE_OBJC_WEAK = YES;
				CLANG_WARN_BLOCK_CAPTURE_AUTORELEASING = YES;
				CLANG_WARN_BOOL_CONVERSION = YES;
				CLANG_WARN_COMMA = YES;
				CLANG_WARN_CONSTANT_CONVERSION = YES;
				CLANG_WARN_DEPRECATED_OBJC_IMPLEMENTATIONS = YES;
				CLANG_WARN_DIRECT_OBJC_ISA_USAGE = YES_ERROR;
				CLANG_WARN_DOCUMENTATION_COMMENTS = YES;
				CLANG_WARN_EMPTY_BODY = YES;
				CLANG_WARN_ENUM_CONVERSION = YES;
				CLANG_WARN_INFINITE_RECURSION = YES;
				CLANG_WARN_INT_CONVERSION = YES;
				CLANG_WARN_NON_LITERAL_NULL_CONVERSION = YES;
				CLANG_WARN_OBJC_IMPLICIT_RETAIN_SELF = YES;
				CLANG_WARN_OBJC_LITERAL_CONVERSION = YES;
				CLANG_WARN_OBJC_ROOT_CLASS = YES_ERROR;
				CLANG_WARN_RANGE_LOOP_ANALYSIS = YES;
				CLANG_WARN_STRICT_PROTOTYPES = YES;
				CLANG_WARN_SUSPICIOUS_MOVE = YES;
				CLANG_WARN_UNGUARDED_AVAILABILITY = YES_AGGRESSIVE;
				CLANG_WARN_UNREACHABLE_CODE = YES;
				CLANG_WARN__DUPLICATE_METHOD_MATCH = YES;
				CODE_SIGN_IDENTITY = "iPhone Developer";
				COPY_PHASE_STRIP = NO;
				DEBUG_INFORMATION_FORMAT = dwarf;
				ENABLE_STRICT_OBJC_MSGSEND = YES;
				ENABLE_TESTABILITY = YES;
				GCC_C_LANGUAGE_STANDARD = gnu11;
				GCC_DYNAMIC_NO_PIC = NO;
				GCC_NO_COMMON_BLOCKS = YES;
				GCC_OPTIMIZATION_LEVEL = 0;
				GCC_PREPROCESSOR_DEFINITIONS = (
					"DEBUG=1",
					"$(inherited)",
				);
				GCC_WARN_64_TO_32_BIT_CONVERSION = YES;
				GCC_WARN_ABOUT_RETURN_TYPE = YES_ERROR;
				GCC_WARN_UNDECLARED_SELECTOR = YES;
				GCC_WARN_UNINITIALIZED_AUTOS = YES_AGGRESSIVE;
				GCC_WARN_UNUSED_FUNCTION = YES;
				GCC_WARN_UNUSED_VARIABLE = YES;
				IPHONEOS_DEPLOYMENT_TARGET = 12.1;
				MTL_ENABLE_DEBUG_INFO = INCLUDE_SOURCE;
				MTL_FAST_MATH = YES;
				ONLY_ACTIVE_ARCH = YES;
				SDKROOT = iphoneos;
				SWIFT_ACTIVE_COMPILATION_CONDITIONS = DEBUG;
				SWIFT_OPTIMIZATION_LEVEL = "-Onone";
			};
			name = Debug;
		};
		BD96EAE42252D90D0042F236 /* Release */ = {
			isa = XCBuildConfiguration;
			buildSettings = {
				ALWAYS_SEARCH_USER_PATHS = NO;
				CLANG_ANALYZER_LOCALIZABILITY_NONLOCALIZED = YES;
				CLANG_ANALYZER_NONNULL = YES;
				CLANG_ANALYZER_NUMBER_OBJECT_CONVERSION = YES_AGGRESSIVE;
				CLANG_CXX_LANGUAGE_STANDARD = "gnu++14";
				CLANG_CXX_LIBRARY = "libc++";
				CLANG_ENABLE_MODULES = YES;
				CLANG_ENABLE_OBJC_ARC = YES;
				CLANG_ENABLE_OBJC_WEAK = YES;
				CLANG_WARN_BLOCK_CAPTURE_AUTORELEASING = YES;
				CLANG_WARN_BOOL_CONVERSION = YES;
				CLANG_WARN_COMMA = YES;
				CLANG_WARN_CONSTANT_CONVERSION = YES;
				CLANG_WARN_DEPRECATED_OBJC_IMPLEMENTATIONS = YES;
				CLANG_WARN_DIRECT_OBJC_ISA_USAGE = YES_ERROR;
				CLANG_WARN_DOCUMENTATION_COMMENTS = YES;
				CLANG_WARN_EMPTY_BODY = YES;
				CLANG_WARN_ENUM_CONVERSION = YES;
				CLANG_WARN_INFINITE_RECURSION = YES;
				CLANG_WARN_INT_CONVERSION = YES;
				CLANG_WARN_NON_LITERAL_NULL_CONVERSION = YES;
				CLANG_WARN_OBJC_IMPLICIT_RETAIN_SELF = YES;
				CLANG_WARN_OBJC_LITERAL_CONVERSION = YES;
				CLANG_WARN_OBJC_ROOT_CLASS = YES_ERROR;
				CLANG_WARN_RANGE_LOOP_ANALYSIS = YES;
				CLANG_WARN_STRICT_PROTOTYPES = YES;
				CLANG_WARN_SUSPICIOUS_MOVE = YES;
				CLANG_WARN_UNGUARDED_AVAILABILITY = YES_AGGRESSIVE;
				CLANG_WARN_UNREACHABLE_CODE = YES;
				CLANG_WARN__DUPLICATE_METHOD_MATCH = YES;
				CODE_SIGN_IDENTITY = "iPhone Developer";
				COPY_PHASE_STRIP = NO;
				DEBUG_INFORMATION_FORMAT = "dwarf-with-dsym";
				ENABLE_NS_ASSERTIONS = NO;
				ENABLE_STRICT_OBJC_MSGSEND = YES;
				GCC_C_LANGUAGE_STANDARD = gnu11;
				GCC_NO_COMMON_BLOCKS = YES;
				GCC_WARN_64_TO_32_BIT_CONVERSION = YES;
				GCC_WARN_ABOUT_RETURN_TYPE = YES_ERROR;
				GCC_WARN_UNDECLARED_SELECTOR = YES;
				GCC_WARN_UNINITIALIZED_AUTOS = YES_AGGRESSIVE;
				GCC_WARN_UNUSED_FUNCTION = YES;
				GCC_WARN_UNUSED_VARIABLE = YES;
				IPHONEOS_DEPLOYMENT_TARGET = 12.1;
				MTL_ENABLE_DEBUG_INFO = NO;
				MTL_FAST_MATH = YES;
				SDKROOT = iphoneos;
				SWIFT_COMPILATION_MODE = wholemodule;
				SWIFT_OPTIMIZATION_LEVEL = "-O";
				VALIDATE_PRODUCT = YES;
			};
			name = Release;
		};
		BD96EAE62252D90D0042F236 /* Debug */ = {
			isa = XCBuildConfiguration;
			baseConfigurationReference = 740099FAC5842F0141C934BB /* Pods-Shield For Dementia Patient.debug.xcconfig */;
			buildSettings = {
				ASSETCATALOG_COMPILER_APPICON_NAME = AppIcon;
				CODE_SIGN_IDENTITY = "iPhone Developer";
				CODE_SIGN_STYLE = Automatic;
				DEVELOPMENT_TEAM = D4E88Q87ES;
				INFOPLIST_FILE = "Shield For Dementia/Info.plist";
				LD_RUNPATH_SEARCH_PATHS = (
					"$(inherited)",
					"@executable_path/Frameworks",
				);
				PRODUCT_BUNDLE_IDENTIFIER = "monash.Shield-For-Patient";
				PRODUCT_NAME = "$(TARGET_NAME)";
				PROVISIONING_PROFILE_SPECIFIER = "";
				SWIFT_VERSION = 4.2;
				TARGETED_DEVICE_FAMILY = 1;
			};
			name = Debug;
		};
		BD96EAE72252D90D0042F236 /* Release */ = {
			isa = XCBuildConfiguration;
			baseConfigurationReference = 553B9366588E60B332F457D3 /* Pods-Shield For Dementia Patient.release.xcconfig */;
			buildSettings = {
				ASSETCATALOG_COMPILER_APPICON_NAME = AppIcon;
				CODE_SIGN_IDENTITY = "iPhone Developer";
				CODE_SIGN_STYLE = Automatic;
				DEVELOPMENT_TEAM = D4E88Q87ES;
				INFOPLIST_FILE = "Shield For Dementia/Info.plist";
				LD_RUNPATH_SEARCH_PATHS = (
					"$(inherited)",
					"@executable_path/Frameworks",
				);
				PRODUCT_BUNDLE_IDENTIFIER = "monash.Shield-For-Patient";
				PRODUCT_NAME = "$(TARGET_NAME)";
				PROVISIONING_PROFILE_SPECIFIER = "";
				SWIFT_VERSION = 4.2;
				TARGETED_DEVICE_FAMILY = 1;
			};
			name = Release;
		};
		BD96EAE92252D90D0042F236 /* Debug */ = {
			isa = XCBuildConfiguration;
			baseConfigurationReference = B3528C33A317B4538FB19DF1 /* Pods-Shield For Dementia PatientTests.debug.xcconfig */;
			buildSettings = {
				ALWAYS_EMBED_SWIFT_STANDARD_LIBRARIES = YES;
				BUNDLE_LOADER = "$(TEST_HOST)";
				CODE_SIGN_STYLE = Automatic;
				INFOPLIST_FILE = "Shield For DementiaTests/Info.plist";
				LD_RUNPATH_SEARCH_PATHS = (
					"$(inherited)",
					"@executable_path/Frameworks",
					"@loader_path/Frameworks",
				);
				PRODUCT_BUNDLE_IDENTIFIER = "monash.Shield-For-DementiaTests";
				PRODUCT_NAME = "$(TARGET_NAME)";
				SWIFT_VERSION = 4.2;
				TARGETED_DEVICE_FAMILY = "1,2";
				TEST_HOST = "$(BUILT_PRODUCTS_DIR)/Shield For Dementia Patient.app/Shield For Dementia Patient";
			};
			name = Debug;
		};
		BD96EAEA2252D90D0042F236 /* Release */ = {
			isa = XCBuildConfiguration;
			baseConfigurationReference = 9C641FAD13FD49F7B9353DAD /* Pods-Shield For Dementia PatientTests.release.xcconfig */;
			buildSettings = {
				ALWAYS_EMBED_SWIFT_STANDARD_LIBRARIES = YES;
				BUNDLE_LOADER = "$(TEST_HOST)";
				CODE_SIGN_STYLE = Automatic;
				INFOPLIST_FILE = "Shield For DementiaTests/Info.plist";
				LD_RUNPATH_SEARCH_PATHS = (
					"$(inherited)",
					"@executable_path/Frameworks",
					"@loader_path/Frameworks",
				);
				PRODUCT_BUNDLE_IDENTIFIER = "monash.Shield-For-DementiaTests";
				PRODUCT_NAME = "$(TARGET_NAME)";
				SWIFT_VERSION = 4.2;
				TARGETED_DEVICE_FAMILY = "1,2";
				TEST_HOST = "$(BUILT_PRODUCTS_DIR)/Shield For Dementia Patient.app/Shield For Dementia Patient";
			};
			name = Release;
		};
		BD96EAEC2252D90D0042F236 /* Debug */ = {
			isa = XCBuildConfiguration;
			baseConfigurationReference = FD6157F56DFFC59EA73791E0 /* Pods-Shield For Dementia PatientUITests.debug.xcconfig */;
			buildSettings = {
				ALWAYS_EMBED_SWIFT_STANDARD_LIBRARIES = YES;
				CODE_SIGN_STYLE = Automatic;
				INFOPLIST_FILE = "Shield For DementiaUITests/Info.plist";
				LD_RUNPATH_SEARCH_PATHS = (
					"$(inherited)",
					"@executable_path/Frameworks",
					"@loader_path/Frameworks",
				);
				PRODUCT_BUNDLE_IDENTIFIER = "monash.Shield-For-DementiaUITests";
				PRODUCT_NAME = "$(TARGET_NAME)";
				SWIFT_VERSION = 4.2;
				TARGETED_DEVICE_FAMILY = "1,2";
				TEST_TARGET_NAME = "Shield For Dementia";
			};
			name = Debug;
		};
		BD96EAED2252D90D0042F236 /* Release */ = {
			isa = XCBuildConfiguration;
			baseConfigurationReference = 42C4EBF907ED2BF25F709DB8 /* Pods-Shield For Dementia PatientUITests.release.xcconfig */;
			buildSettings = {
				ALWAYS_EMBED_SWIFT_STANDARD_LIBRARIES = YES;
				CODE_SIGN_STYLE = Automatic;
				INFOPLIST_FILE = "Shield For DementiaUITests/Info.plist";
				LD_RUNPATH_SEARCH_PATHS = (
					"$(inherited)",
					"@executable_path/Frameworks",
					"@loader_path/Frameworks",
				);
				PRODUCT_BUNDLE_IDENTIFIER = "monash.Shield-For-DementiaUITests";
				PRODUCT_NAME = "$(TARGET_NAME)";
				SWIFT_VERSION = 4.2;
				TARGETED_DEVICE_FAMILY = "1,2";
				TEST_TARGET_NAME = "Shield For Dementia";
			};
			name = Release;
		};
/* End XCBuildConfiguration section */

/* Begin XCConfigurationList section */
		BD96EAB52252D90B0042F236 /* Build configuration list for PBXProject "Shield For Dementia Patient" */ = {
			isa = XCConfigurationList;
			buildConfigurations = (
				BD96EAE32252D90D0042F236 /* Debug */,
				BD96EAE42252D90D0042F236 /* Release */,
			);
			defaultConfigurationIsVisible = 0;
			defaultConfigurationName = Release;
		};
		BD96EAE52252D90D0042F236 /* Build configuration list for PBXNativeTarget "Shield For Dementia Patient" */ = {
			isa = XCConfigurationList;
			buildConfigurations = (
				BD96EAE62252D90D0042F236 /* Debug */,
				BD96EAE72252D90D0042F236 /* Release */,
			);
			defaultConfigurationIsVisible = 0;
			defaultConfigurationName = Release;
		};
		BD96EAE82252D90D0042F236 /* Build configuration list for PBXNativeTarget "Shield For Dementia PatientTests" */ = {
			isa = XCConfigurationList;
			buildConfigurations = (
				BD96EAE92252D90D0042F236 /* Debug */,
				BD96EAEA2252D90D0042F236 /* Release */,
			);
			defaultConfigurationIsVisible = 0;
			defaultConfigurationName = Release;
		};
		BD96EAEB2252D90D0042F236 /* Build configuration list for PBXNativeTarget "Shield For Dementia PatientUITests" */ = {
			isa = XCConfigurationList;
			buildConfigurations = (
				BD96EAEC2252D90D0042F236 /* Debug */,
				BD96EAED2252D90D0042F236 /* Release */,
			);
			defaultConfigurationIsVisible = 0;
			defaultConfigurationName = Release;
		};
/* End XCConfigurationList section */

/* Begin XCVersionGroup section */
		BDCB265722769CDD00737DA7 /* Shield_For_Dementia.xcdatamodeld */ = {
			isa = XCVersionGroup;
			children = (
				BDCB265822769CDD00737DA7 /* Shield_For_Dementia.xcdatamodel */,
			);
			currentVersion = BDCB265822769CDD00737DA7 /* Shield_For_Dementia.xcdatamodel */;
			path = Shield_For_Dementia.xcdatamodeld;
			sourceTree = "<group>";
			versionGroupType = wrapper.xcdatamodel;
		};
/* End XCVersionGroup section */
	};
	rootObject = BD96EAB22252D90B0042F236 /* Project object */;
}
